
Microsoft Visual Studio Solution File, Format Version 12.00
# Visual Studio 15
VisualStudioVersion = 15.0.26403.7
MinimumVisualStudioVersion = 10.0.40219.1
Project("{CC5FD16D-436D-48AD-A40C-5A424C6E3E79}") = "AzurePostPhoto", "AzurePostPhoto\AzurePostPhoto.ccproj", "{909A44CB-5F03-4951-B3C1-FE8179A86CC5}"
EndProject
Project("{FAE04EC0-301F-11D3-BF4B-00C04F79EFBC}") = "PostPhoto", "PostPhoto\PostPhoto.csproj", "{F67F9435-31D5-4BB6-AA01-5AA51C675CBD}"
EndProject
Global
	GlobalSection(SolutionConfigurationPlatforms) = preSolution
		Debug|Any CPU = Debug|Any CPU
		Release|Any CPU = Release|Any CPU
	EndGlobalSection
	GlobalSection(ProjectConfigurationPlatforms) = postSolution
		{909A44CB-5F03-4951-B3C1-FE8179A86CC5}.Debug|Any CPU.ActiveCfg = Debug|Any CPU
		{909A44CB-5F03-4951-B3C1-FE8179A86CC5}.Debug|Any CPU.Build.0 = Debug|Any CPU
		{909A44CB-5F03-4951-B3C1-FE8179A86CC5}.Release|Any CPU.ActiveCfg = Release|Any CPU
		{909A44CB-5F03-4951-B3C1-FE8179A86CC5}.Release|Any CPU.Build.0 = Release|Any CPU
		{F67F9435-31D5-4BB6-AA01-5AA51C675CBD}.Debug|Any CPU.ActiveCfg = Debug|Any CPU
		{F67F9435-31D5-4BB6-AA01-5AA51C675CBD}.Debug|Any CPU.Build.0 = Debug|Any CPU
		{F67F9435-31D5-4BB6-AA01-5AA51C675CBD}.Release|Any CPU.ActiveCfg = Release|Any CPU
		{F67F9435-31D5-4BB6-AA01-5AA51C675CBD}.Release|Any CPU.Build.0 = Release|Any CPU
	EndGlobalSection
	GlobalSection(SolutionProperties) = preSolution
		HideSolutionNode = FALSE
	EndGlobalSection
EndGlobal
